{
  "name": "renovate-reakit-monorepo-issue",
  "version": "1.0.0",
  "lockfileVersion": 1,
  "requires": true,
  "dependencies": {
    "reakit-test-utils": {
      "version": "0.10.0",
      "resolved": "https://npm.testeposnowhq.com/reakit-test-utils/-/reakit-test-utils-0.10.0.tgz",
      "integrity": "sha512-xXoD98of35/uOrmSRLEzuboXHzESgiG9dye9NoYA7tgkwkKNDGpU0oPhXP8wo0FMb/BhabS5mewKILfwC3hm/w==",
      "dev": true,
      "requires": {
        "reakit-utils": "^0.11.0",
        "reakit-warning": "^0.2.0"
      }
    },
    "reakit-utils": {
      "version": "0.11.0",
      "resolved": "https://npm.testeposnowhq.com/reakit-utils/-/reakit-utils-0.11.0.tgz",
      "integrity": "sha512-fl5MJYrhNvZ/6O8/kpDbhcp9k5bx83idkDEs3Dqm+GlrOhiRnBPoK3YEUn0HgFxYEDfGSq0SkTi2B9vXzURwfA==",
      "dev": true
    },
    "reakit-warning": {
      "version": "0.2.0",
      "resolved": "https://npm.testeposnowhq.com/reakit-warning/-/reakit-warning-0.2.0.tgz",
      "integrity": "sha512-rJuOJiwLf2uVsCETFbqXdxmnKyx0ZKSkmwc4PEjMUhux9KGjEU64KNcWL/KOJ52zEocxFiYeVfmU+gqkTqTUiA==",
      "dev": true,
      "requires": {
        "reakit-utils": "^0.11.0"
      }
    }
  }
}
